// !$*UTF8*$!
{
	archiveVersion = 1;
	classes = {
	};
	objectVersion = 50;
	objects = {

/* Begin PBXBuildFile section */
		9D69503B22917CC80007A566 /* main.cpp in Sources */ = {isa = PBXBuildFile; fileRef = 9D69503A22917CC80007A566 /* main.cpp */; };
/* End PBXBuildFile section */

/* Begin PBXCopyFilesBuildPhase section */
		9D69503522917CC80007A566 /* CopyFiles */ = {
			isa = PBXCopyFilesBuildPhase;
			buildActionMask = 2147483647;
			dstPath = /usr/share/man/man1/;
			dstSubfolderSpec = 0;
			files = (
			);
			runOnlyForDeploymentPostprocessing = 1;
		};
/* End PBXCopyFilesBuildPhase section */

/* Begin PBXFileReference section */
		9D62BD5B22A1494A006F51AB /* encode.cpp */ = {isa = PBXFileReference; lastKnownFileType = sourcecode.cpp.cpp; path = encode.cpp; sourceTree = "<group>"; };
		9D62BD5C22A1494A006F51AB /* encode.hpp */ = {isa = PBXFileReference; lastKnownFileType = sourcecode.cpp.h; path = encode.hpp; sourceTree = "<group>"; };
		9D62BD5E22A14ACB006F51AB /* main.hpp */ = {isa = PBXFileReference; lastKnownFileType = sourcecode.cpp.h; path = main.hpp; sourceTree = "<group>"; };
		9D62BD6022A1513F006F51AB /* math_functions.cpp */ = {isa = PBXFileReference; lastKnownFileType = sourcecode.cpp.cpp; path = math_functions.cpp; sourceTree = "<group>"; };
		9D62BD6122A1513F006F51AB /* math_functions.hpp */ = {isa = PBXFileReference; lastKnownFileType = sourcecode.cpp.h; path = math_functions.hpp; sourceTree = "<group>"; };
		9D62BD6222A1528F006F51AB /* tests.cpp */ = {isa = PBXFileReference; lastKnownFileType = sourcecode.cpp.cpp; path = tests.cpp; sourceTree = "<group>"; };
		9D62BD6322A1528F006F51AB /* tests.hpp */ = {isa = PBXFileReference; lastKnownFileType = sourcecode.cpp.h; path = tests.hpp; sourceTree = "<group>"; };
		9D62BD6422A152EB006F51AB /* decode.cpp */ = {isa = PBXFileReference; lastKnownFileType = sourcecode.cpp.cpp; path = decode.cpp; sourceTree = "<group>"; };
		9D62BD6522A152EB006F51AB /* decode.hpp */ = {isa = PBXFileReference; lastKnownFileType = sourcecode.cpp.h; path = decode.hpp; sourceTree = "<group>"; };
		9D69503722917CC80007A566 /* fourier */ = {isa = PBXFileReference; explicitFileType = "compiled.mach-o.executable"; includeInIndex = 0; path = fourier; sourceTree = BUILT_PRODUCTS_DIR; };
		9D69503A22917CC80007A566 /* main.cpp */ = {isa = PBXFileReference; lastKnownFileType = sourcecode.cpp.cpp; path = main.cpp; sourceTree = "<group>"; };
		9D80375522A7E87D009BD25F /* gnuplot_i.c */ = {isa = PBXFileReference; lastKnownFileType = sourcecode.c.c; path = gnuplot_i.c; sourceTree = "<group>"; };
		9D80375622A7E87D009BD25F /* gnuplot_i.h */ = {isa = PBXFileReference; lastKnownFileType = sourcecode.c.h; path = gnuplot_i.h; sourceTree = "<group>"; };
		9DACE97D229DC1C500DAA8EA /* stb_image_write.h */ = {isa = PBXFileReference; lastKnownFileType = sourcecode.c.h; path = stb_image_write.h; sourceTree = "<group>"; };
		9DACE97E229DC1C500DAA8EA /* stb_image.h */ = {isa = PBXFileReference; lastKnownFileType = sourcecode.c.h; path = stb_image.h; sourceTree = "<group>"; };
/* End PBXFileReference section */

/* Begin PBXFrameworksBuildPhase section */
		9D69503422917CC80007A566 /* Frameworks */ = {
			isa = PBXFrameworksBuildPhase;
			buildActionMask = 2147483647;
			files = (
			);
			runOnlyForDeploymentPostprocessing = 0;
		};
/* End PBXFrameworksBuildPhase section */

/* Begin PBXGroup section */
		9D69502E22917CC80007A566 = {
			isa = PBXGroup;
			children = (
				9D69503922917CC80007A566 /* fourier */,
				9D69503822917CC80007A566 /* Products */,
			);
			sourceTree = "<group>";
		};
		9D69503822917CC80007A566 /* Products */ = {
			isa = PBXGroup;
			children = (
				9D69503722917CC80007A566 /* fourier */,
			);
			name = Products;
			sourceTree = "<group>";
		};
		9D69503922917CC80007A566 /* fourier */ = {
			isa = PBXGroup;
			children = (
				9D69503A22917CC80007A566 /* main.cpp */,
				9D62BD5B22A1494A006F51AB /* encode.cpp */,
				9D62BD6422A152EB006F51AB /* decode.cpp */,
				9D62BD6222A1528F006F51AB /* tests.cpp */,
				9D62BD6022A1513F006F51AB /* math_functions.cpp */,
				9D62BD5E22A14ACB006F51AB /* main.hpp */,
				9D62BD5C22A1494A006F51AB /* encode.hpp */,
				9D62BD6522A152EB006F51AB /* decode.hpp */,
				9D62BD6322A1528F006F51AB /* tests.hpp */,
				9D62BD6122A1513F006F51AB /* math_functions.hpp */,
				9DACE97E229DC1C500DAA8EA /* stb_image.h */,
				9DACE97D229DC1C500DAA8EA /* stb_image_write.h */,
				9D80375522A7E87D009BD25F /* gnuplot_i.c */,
				9D80375622A7E87D009BD25F /* gnuplot_i.h */,
			);
			path = fourier;
			sourceTree = "<group>";
		};
/* End PBXGroup section */

/* Begin PBXNativeTarget section */
		9D69503622917CC80007A566 /* fourier */ = {
			isa = PBXNativeTarget;
			buildConfigurationList = 9D69503E22917CC80007A566 /* Build configuration list for PBXNativeTarget "fourier" */;
			buildPhases = (
				9D69503322917CC80007A566 /* Sources */,
				9D69503422917CC80007A566 /* Frameworks */,
				9D69503522917CC80007A566 /* CopyFiles */,
			);
			buildRules = (
			);
			dependencies = (
			);
			name = fourier;
			productName = fourier;
			productReference = 9D69503722917CC80007A566 /* fourier */;
			productType = "com.apple.product-type.tool";
		};
/* End PBXNativeTarget section */

/* Begin PBXProject section */
		9D69502F22917CC80007A566 /* Project object */ = {
			isa = PBXProject;
			attributes = {
				LastUpgradeCheck = 1100;
				ORGANIZATIONNAME = "Marvin A. Ruder";
				TargetAttributes = {
					9D69503622917CC80007A566 = {
						CreatedOnToolsVersion = 10.2.1;
					};
				};
			};
			buildConfigurationList = 9D69503222917CC80007A566 /* Build configuration list for PBXProject "fourier" */;
			compatibilityVersion = "Xcode 9.3";
			developmentRegion = en;
			hasScannedForEncodings = 0;
			knownRegions = (
				en,
				Base,
			);
			mainGroup = 9D69502E22917CC80007A566;
			productRefGroup = 9D69503822917CC80007A566 /* Products */;
			projectDirPath = "";
			projectRoot = "";
			targets = (
				9D69503622917CC80007A566 /* fourier */,
			);
		};
/* End PBXProject section */

/* Begin PBXSourcesBuildPhase section */
		9D69503322917CC80007A566 /* Sources */ = {
			isa = PBXSourcesBuildPhase;
			buildActionMask = 2147483647;
			files = (
				9D69503B22917CC80007A566 /* main.cpp in Sources */,
			);
			runOnlyForDeploymentPostprocessing = 0;
		};
/* End PBXSourcesBuildPhase section */

/* Begin XCBuildConfiguration section */
		9D69503C22917CC80007A566 /* Debug */ = {
			isa = XCBuildConfiguration;
			buildSettings = {
				ALWAYS_SEARCH_USER_PATHS = NO;
				CLANG_ANALYZER_NONNULL = YES;
				CLANG_ANALYZER_NUMBER_OBJECT_CONVERSION = YES_AGGRESSIVE;
				CLANG_CXX_LANGUAGE_STANDARD = "gnu++14";
				CLANG_CXX_LIBRARY = "libc++";
				CLANG_ENABLE_MODULES = YES;
				CLANG_ENABLE_OBJC_ARC = YES;
				CLANG_ENABLE_OBJC_WEAK = YES;
				CLANG_WARN_BLOCK_CAPTURE_AUTORELEASING = YES;
				CLANG_WARN_BOOL_CONVERSION = YES;
				CLANG_WARN_COMMA = YES;
				CLANG_WARN_CONSTANT_CONVERSION = YES;
				CLANG_WARN_DEPRECATED_OBJC_IMPLEMENTATIONS = YES;
				CLANG_WARN_DIRECT_OBJC_ISA_USAGE = YES_ERROR;
				CLANG_WARN_DOCUMENTATION_COMMENTS = YES;
				CLANG_WARN_EMPTY_BODY = YES;
				CLANG_WARN_ENUM_CONVERSION = YES;
				CLANG_WARN_INFINITE_RECURSION = YES;
				CLANG_WARN_INT_CONVERSION = YES;
				CLANG_WARN_NON_LITERAL_NULL_CONVERSION = YES;
				CLANG_WARN_OBJC_IMPLICIT_RETAIN_SELF = YES;
				CLANG_WARN_OBJC_LITERAL_CONVERSION = YES;
				CLANG_WARN_OBJC_ROOT_CLASS = YES_ERROR;
				CLANG_WARN_RANGE_LOOP_ANALYSIS = YES;
				CLANG_WARN_STRICT_PROTOTYPES = YES;
				CLANG_WARN_SUSPICIOUS_MOVE = YES;
				CLANG_WARN_UNGUARDED_AVAILABILITY = YES_AGGRESSIVE;
				CLANG_WARN_UNREACHABLE_CODE = YES;
				CLANG_WARN__DUPLICATE_METHOD_MATCH = YES;
				CODE_SIGN_IDENTITY = "Mac Developer";
				COPY_PHASE_STRIP = NO;
				DEBUG_INFORMATION_FORMAT = dwarf;
				ENABLE_STRICT_OBJC_MSGSEND = YES;
				ENABLE_TESTABILITY = YES;
				GCC_C_LANGUAGE_STANDARD = gnu11;
				GCC_DYNAMIC_NO_PIC = NO;
				GCC_NO_COMMON_BLOCKS = YES;
				GCC_OPTIMIZATION_LEVEL = 0;
				GCC_PREPROCESSOR_DEFINITIONS = (
					"DEBUG=1",
					"$(inherited)",
				);
				GCC_WARN_64_TO_32_BIT_CONVERSION = YES;
				GCC_WARN_ABOUT_RETURN_TYPE = YES_ERROR;
				GCC_WARN_UNDECLARED_SELECTOR = YES;
				GCC_WARN_UNINITIALIZED_AUTOS = YES_AGGRESSIVE;
				GCC_WARN_UNUSED_FUNCTION = YES;
				GCC_WARN_UNUSED_VARIABLE = YES;
				MACOSX_DEPLOYMENT_TARGET = 10.14;
				MTL_ENABLE_DEBUG_INFO = INCLUDE_SOURCE;
				MTL_FAST_MATH = YES;
				ONLY_ACTIVE_ARCH = YES;
				SDKROOT = macosx;
			};
			name = Debug;
		};
		9D69503D22917CC80007A566 /* Release */ = {
			isa = XCBuildConfiguration;
			buildSettings = {
				ALWAYS_SEARCH_USER_PATHS = NO;
				CLANG_ANALYZER_NONNULL = YES;
				CLANG_ANALYZER_NUMBER_OBJECT_CONVERSION = YES_AGGRESSIVE;
				CLANG_CXX_LANGUAGE_STANDARD = "gnu++14";
				CLANG_CXX_LIBRARY = "libc++";
				CLANG_ENABLE_MODULES = YES;
				CLANG_ENABLE_OBJC_ARC = YES;
				CLANG_ENABLE_OBJC_WEAK = YES;
				CLANG_WARN_BLOCK_CAPTURE_AUTORELEASING = YES;
				CLANG_WARN_BOOL_CONVERSION = YES;
				CLANG_WARN_COMMA = YES;
				CLANG_WARN_CONSTANT_CONVERSION = YES;
				CLANG_WARN_DEPRECATED_OBJC_IMPLEMENTATIONS = YES;
				CLANG_WARN_DIRECT_OBJC_ISA_USAGE = YES_ERROR;
				CLANG_WARN_DOCUMENTATION_COMMENTS = YES;
				CLANG_WARN_EMPTY_BODY = YES;
				CLANG_WARN_ENUM_CONVERSION = YES;
				CLANG_WARN_INFINITE_RECURSION = YES;
				CLANG_WARN_INT_CONVERSION = YES;
				CLANG_WARN_NON_LITERAL_NULL_CONVERSION = YES;
				CLANG_WARN_OBJC_IMPLICIT_RETAIN_SELF = YES;
				CLANG_WARN_OBJC_LITERAL_CONVERSION = YES;
				CLANG_WARN_OBJC_ROOT_CLASS = YES_ERROR;
				CLANG_WARN_RANGE_LOOP_ANALYSIS = YES;
				CLANG_WARN_STRICT_PROTOTYPES = YES;
				CLANG_WARN_SUSPICIOUS_MOVE = YES;
				CLANG_WARN_UNGUARDED_AVAILABILITY = YES_AGGRESSIVE;
				CLANG_WARN_UNREACHABLE_CODE = YES;
				CLANG_WARN__DUPLICATE_METHOD_MATCH = YES;
				CODE_SIGN_IDENTITY = "Mac Developer";
				COPY_PHASE_STRIP = NO;
				DEBUG_INFORMATION_FORMAT = "dwarf-with-dsym";
				ENABLE_NS_ASSERTIONS = NO;
				ENABLE_STRICT_OBJC_MSGSEND = YES;
				GCC_C_LANGUAGE_STANDARD = gnu11;
				GCC_NO_COMMON_BLOCKS = YES;
				GCC_WARN_64_TO_32_BIT_CONVERSION = YES;
				GCC_WARN_ABOUT_RETURN_TYPE = YES_ERROR;
				GCC_WARN_UNDECLARED_SELECTOR = YES;
				GCC_WARN_UNINITIALIZED_AUTOS = YES_AGGRESSIVE;
				GCC_WARN_UNUSED_FUNCTION = YES;
				GCC_WARN_UNUSED_VARIABLE = YES;
				MACOSX_DEPLOYMENT_TARGET = 10.14;
				MTL_ENABLE_DEBUG_INFO = NO;
				MTL_FAST_MATH = YES;
				SDKROOT = macosx;
			};
			name = Release;
		};
		9D69503F22917CC80007A566 /* Debug */ = {
			isa = XCBuildConfiguration;
			buildSettings = {
				CLANG_CXX_LANGUAGE_STANDARD = "c++0x";
				CLANG_CXX_LIBRARY = "libc++";
				CLANG_WARN_DOCUMENTATION_COMMENTS = NO;
				CODE_SIGN_IDENTITY = "-";
				CODE_SIGN_STYLE = Automatic;
				DEVELOPMENT_TEAM = LPZ9E7CD7F;
				FRAMEWORK_SEARCH_PATHS = (
					"$(inherited)",
					"$(LOCAL_LIBRARY_DIR)/Frameworks",
				);
				GCC_C_LANGUAGE_STANDARD = "compiler-default";
				GCC_VERSION = "";
				GCC_WARN_UNINITIALIZED_AUTOS = NO;
				HEADER_SEARCH_PATHS = (
					/usr/local/include/,
					/usr/local/Cellar/opencv/4.1.0_2/include/opencv4,
				);
				LIBRARY_SEARCH_PATHS = /usr/local/Cellar/opencv/4.1.0_2/lib;
				OTHER_LDFLAGS = (
					"-I/usr/local/Cellar/opencv/4.1.0_2/include/opencv4/opencv",
					"-I/usr/local/Cellar/opencv/4.1.0_2/include/opencv4",
					"-L/usr/local/Cellar/opencv/4.1.0_2/lib",
					"-lopencv_gapi",
					"-lopencv_stitching",
					"-lopencv_aruco",
					"-lopencv_bgsegm",
					"-lopencv_bioinspired",
					"-lopencv_ccalib",
					"-lopencv_dnn_objdetect",
					"-lopencv_dpm",
					"-lopencv_face",
					"-lopencv_freetype",
					"-lopencv_fuzzy",
					"-lopencv_hfs",
					"-lopencv_img_hash",
					"-lopencv_line_descriptor",
					"-lopencv_quality",
					"-lopencv_reg",
					"-lopencv_rgbd",
					"-lopencv_saliency",
					"-lopencv_sfm",
					"-lopencv_stereo",
					"-lopencv_structured_light",
					"-lopencv_phase_unwrapping",
					"-lopencv_superres",
					"-lopencv_optflow",
					"-lopencv_surface_matching",
					"-lopencv_tracking",
					"-lopencv_datasets",
					"-lopencv_text",
					"-lopencv_dnn",
					"-lopencv_plot",
					"-lopencv_videostab",
					"-lopencv_video",
					"-lopencv_xfeatures2d",
					"-lopencv_shape",
					"-lopencv_ml",
					"-lopencv_ximgproc",
					"-lopencv_xobjdetect",
					"-lopencv_objdetect",
					"-lopencv_calib3d",
					"-lopencv_features2d",
					"-lopencv_highgui",
					"-lopencv_videoio",
					"-lopencv_imgcodecs",
					"-lopencv_flann",
					"-lopencv_xphoto",
					"-lopencv_photo",
					"-lopencv_imgproc",
					"-lopencv_core",
				);
				PRODUCT_NAME = "$(TARGET_NAME)";
				USER_HEADER_SEARCH_PATHS = "";
			};
			name = Debug;
		};
		9D69504022917CC80007A566 /* Release */ = {
			isa = XCBuildConfiguration;
			buildSettings = {
				CLANG_CXX_LANGUAGE_STANDARD = "c++0x";
				CLANG_CXX_LIBRARY = "libc++";
				CLANG_WARN_DOCUMENTATION_COMMENTS = NO;
				CODE_SIGN_IDENTITY = "-";
				CODE_SIGN_STYLE = Automatic;
				DEVELOPMENT_TEAM = LPZ9E7CD7F;
				FRAMEWORK_SEARCH_PATHS = (
					"$(inherited)",
					"$(LOCAL_LIBRARY_DIR)/Frameworks",
				);
				GCC_C_LANGUAGE_STANDARD = "compiler-default";
				GCC_VERSION = "";
				GCC_WARN_UNINITIALIZED_AUTOS = NO;
				HEADER_SEARCH_PATHS = (
					/usr/local/include/,
					/usr/local/Cellar/opencv/4.1.0_2/include/opencv4,
				);
				LIBRARY_SEARCH_PATHS = /usr/local/Cellar/opencv/4.1.0_2/lib;
				OTHER_LDFLAGS = (
					"-I/usr/local/Cellar/opencv/4.1.0_2/include/opencv4/opencv",
					"-I/usr/local/Cellar/opencv/4.1.0_2/include/opencv4",
					"-L/usr/local/Cellar/opencv/4.1.0_2/lib",
					"-lopencv_gapi",
					"-lopencv_stitching",
					"-lopencv_aruco",
					"-lopencv_bgsegm",
					"-lopencv_bioinspired",
					"-lopencv_ccalib",
					"-lopencv_dnn_objdetect",
					"-lopencv_dpm",
					"-lopencv_face",
					"-lopencv_freetype",
					"-lopencv_fuzzy",
					"-lopencv_hfs",
					"-lopencv_img_hash",
					"-lopencv_line_descriptor",
					"-lopencv_quality",
					"-lopencv_reg",
					"-lopencv_rgbd",
					"-lopencv_saliency",
					"-lopencv_sfm",
					"-lopencv_stereo",
					"-lopencv_structured_light",
					"-lopencv_phase_unwrapping",
					"-lopencv_superres",
					"-lopencv_optflow",
					"-lopencv_surface_matching",
					"-lopencv_tracking",
					"-lopencv_datasets",
					"-lopencv_text",
					"-lopencv_dnn",
					"-lopencv_plot",
					"-lopencv_videostab",
					"-lopencv_video",
					"-lopencv_xfeatures2d",
					"-lopencv_shape",
					"-lopencv_ml",
					"-lopencv_ximgproc",
					"-lopencv_xobjdetect",
					"-lopencv_objdetect",
					"-lopencv_calib3d",
					"-lopencv_features2d",
					"-lopencv_highgui",
					"-lopencv_videoio",
					"-lopencv_imgcodecs",
					"-lopencv_flann",
					"-lopencv_xphoto",
					"-lopencv_photo",
					"-lopencv_imgproc",
					"-lopencv_core",
				);
				PRODUCT_NAME = "$(TARGET_NAME)";
				USER_HEADER_SEARCH_PATHS = "";
			};
			name = Release;
		};
/* End XCBuildConfiguration section */

/* Begin XCConfigurationList section */
		9D69503222917CC80007A566 /* Build configuration list for PBXProject "fourier" */ = {
			isa = XCConfigurationList;
			buildConfigurations = (
				9D69503C22917CC80007A566 /* Debug */,
				9D69503D22917CC80007A566 /* Release */,
			);
			defaultConfigurationIsVisible = 0;
			defaultConfigurationName = Release;
		};
		9D69503E22917CC80007A566 /* Build configuration list for PBXNativeTarget "fourier" */ = {
			isa = XCConfigurationList;
			buildConfigurations = (
				9D69503F22917CC80007A566 /* Debug */,
				9D69504022917CC80007A566 /* Release */,
			);
			defaultConfigurationIsVisible = 0;
			defaultConfigurationName = Release;
		};
/* End XCConfigurationList section */
	};
	rootObject = 9D69502F22917CC80007A566 /* Project object */;
}
